// !$*UTF8*$!
{
	archiveVersion = 1;
	classes = {
	};
	objectVersion = 56;
	objects = {

/* Begin PBXBuildFile section */
		7F9AEFA72A01020C006CB67C /* AnyCodable in Frameworks */ = {isa = PBXBuildFile; productRef = 7F9AEFA62A01020C006CB67C /* AnyCodable */; };
		7F9AEFAA2A010235006CB67C /* openssl_grpc in Frameworks */ = {isa = PBXBuildFile; productRef = 7F9AEFA92A010235006CB67C /* openssl_grpc */; };
		7F9AEFAD2A01037C006CB67C /* BSImagePicker in Frameworks */ = {isa = PBXBuildFile; productRef = 7F9AEFAC2A01037C006CB67C /* BSImagePicker */; };
		7F9AEFB02A01038F006CB67C /* CryptoSwift in Frameworks */ = {isa = PBXBuildFile; productRef = 7F9AEFAF2A01038F006CB67C /* CryptoSwift */; };
		7FA83AA62A0110BB004276EE /* Kingfisher in Frameworks */ = {isa = PBXBuildFile; productRef = 7FA83AA52A0110BB004276EE /* Kingfisher */; };
		7FA83AA92A011101004276EE /* Promises in Frameworks */ = {isa = PBXBuildFile; productRef = 7FA83AA82A011101004276EE /* Promises */; };
		7FA83AAC2A011A7E004276EE /* Lottie in Frameworks */ = {isa = PBXBuildFile; productRef = 7FA83AAB2A011A7E004276EE /* Lottie */; };
		7FA83AAF2A011B2C004276EE /* MarqueeLabel in Frameworks */ = {isa = PBXBuildFile; productRef = 7FA83AAE2A011B2C004276EE /* MarqueeLabel */; };
		7FA83AB22A011B56004276EE /* PryntTrimmerView in Frameworks */ = {isa = PBXBuildFile; productRef = 7FA83AB12A011B56004276EE /* PryntTrimmerView */; };
		7FA83AB52A011BCF004276EE /* Reachability in Frameworks */ = {isa = PBXBuildFile; productRef = 7FA83AB42A011BCF004276EE /* Reachability */; };
		7FACFE6829FAB61A00896B3D /* AppDelegate.swift in Sources */ = {isa = PBXBuildFile; fileRef = 7FACFE6729FAB61A00896B3D /* AppDelegate.swift */; };
		7FACFE6A29FAB61A00896B3D /* SceneDelegate.swift in Sources */ = {isa = PBXBuildFile; fileRef = 7FACFE6929FAB61A00896B3D /* SceneDelegate.swift */; };
		7FACFE6C29FAB61A00896B3D /* ViewController.swift in Sources */ = {isa = PBXBuildFile; fileRef = 7FACFE6B29FAB61A00896B3D /* ViewController.swift */; };
		7FACFE6F29FAB61A00896B3D /* Main.storyboard in Resources */ = {isa = PBXBuildFile; fileRef = 7FACFE6D29FAB61A00896B3D /* Main.storyboard */; };
		7FACFE7129FAB61B00896B3D /* Assets.xcassets in Resources */ = {isa = PBXBuildFile; fileRef = 7FACFE7029FAB61B00896B3D /* Assets.xcassets */; };
		7FACFE7429FAB61B00896B3D /* LaunchScreen.storyboard in Resources */ = {isa = PBXBuildFile; fileRef = 7FACFE7229FAB61B00896B3D /* LaunchScreen.storyboard */; };
		7FACFE7F29FAB61B00896B3D /* TestOptimizeBuildTests.swift in Sources */ = {isa = PBXBuildFile; fileRef = 7FACFE7E29FAB61B00896B3D /* TestOptimizeBuildTests.swift */; };
		7FACFE8929FAB61B00896B3D /* TestOptimizeBuildUITests.swift in Sources */ = {isa = PBXBuildFile; fileRef = 7FACFE8829FAB61B00896B3D /* TestOptimizeBuildUITests.swift */; };
		7FACFE8B29FAB61B00896B3D /* TestOptimizeBuildUITestsLaunchTests.swift in Sources */ = {isa = PBXBuildFile; fileRef = 7FACFE8A29FAB61B00896B3D /* TestOptimizeBuildUITestsLaunchTests.swift */; };
/* End PBXBuildFile section */

/* Begin PBXContainerItemProxy section */
		7FACFE7B29FAB61B00896B3D /* PBXContainerItemProxy */ = {
			isa = PBXContainerItemProxy;
			containerPortal = 7FACFE5C29FAB61A00896B3D /* Project object */;
			proxyType = 1;
			remoteGlobalIDString = 7FACFE6329FAB61A00896B3D;
			remoteInfo = TestOptimizeBuild;
		};
		7FACFE8529FAB61B00896B3D /* PBXContainerItemProxy */ = {
			isa = PBXContainerItemProxy;
			containerPortal = 7FACFE5C29FAB61A00896B3D /* Project object */;
			proxyType = 1;
			remoteGlobalIDString = 7FACFE6329FAB61A00896B3D;
			remoteInfo = TestOptimizeBuild;
		};
/* End PBXContainerItemProxy section */

/* Begin PBXFileReference section */
		7FACFE6429FAB61A00896B3D /* TestOptimizeBuild.app */ = {isa = PBXFileReference; explicitFileType = wrapper.application; includeInIndex = 0; path = TestOptimizeBuild.app; sourceTree = BUILT_PRODUCTS_DIR; };
		7FACFE6729FAB61A00896B3D /* AppDelegate.swift */ = {isa = PBXFileReference; lastKnownFileType = sourcecode.swift; path = AppDelegate.swift; sourceTree = "<group>"; };
		7FACFE6929FAB61A00896B3D /* SceneDelegate.swift */ = {isa = PBXFileReference; lastKnownFileType = sourcecode.swift; path = SceneDelegate.swift; sourceTree = "<group>"; };
		7FACFE6B29FAB61A00896B3D /* ViewController.swift */ = {isa = PBXFileReference; lastKnownFileType = sourcecode.swift; path = ViewController.swift; sourceTree = "<group>"; };
		7FACFE6E29FAB61A00896B3D /* Base */ = {isa = PBXFileReference; lastKnownFileType = file.storyboard; name = Base; path = Base.lproj/Main.storyboard; sourceTree = "<group>"; };
		7FACFE7029FAB61B00896B3D /* Assets.xcassets */ = {isa = PBXFileReference; lastKnownFileType = folder.assetcatalog; path = Assets.xcassets; sourceTree = "<group>"; };
		7FACFE7329FAB61B00896B3D /* Base */ = {isa = PBXFileReference; lastKnownFileType = file.storyboard; name = Base; path = Base.lproj/LaunchScreen.storyboard; sourceTree = "<group>"; };
		7FACFE7529FAB61B00896B3D /* Info.plist */ = {isa = PBXFileReference; lastKnownFileType = text.plist.xml; path = Info.plist; sourceTree = "<group>"; };
		7FACFE7A29FAB61B00896B3D /* TestOptimizeBuildTests.xctest */ = {isa = PBXFileReference; explicitFileType = wrapper.cfbundle; includeInIndex = 0; path = TestOptimizeBuildTests.xctest; sourceTree = BUILT_PRODUCTS_DIR; };
		7FACFE7E29FAB61B00896B3D /* TestOptimizeBuildTests.swift */ = {isa = PBXFileReference; lastKnownFileType = sourcecode.swift; path = TestOptimizeBuildTests.swift; sourceTree = "<group>"; };
		7FACFE8429FAB61B00896B3D /* TestOptimizeBuildUITests.xctest */ = {isa = PBXFileReference; explicitFileType = wrapper.cfbundle; includeInIndex = 0; path = TestOptimizeBuildUITests.xctest; sourceTree = BUILT_PRODUCTS_DIR; };
		7FACFE8829FAB61B00896B3D /* TestOptimizeBuildUITests.swift */ = {isa = PBXFileReference; lastKnownFileType = sourcecode.swift; path = TestOptimizeBuildUITests.swift; sourceTree = "<group>"; };
		7FACFE8A29FAB61B00896B3D /* TestOptimizeBuildUITestsLaunchTests.swift */ = {isa = PBXFileReference; lastKnownFileType = sourcecode.swift; path = TestOptimizeBuildUITestsLaunchTests.swift; sourceTree = "<group>"; };
/* End PBXFileReference section */

/* Begin PBXFrameworksBuildPhase section */
		7FACFE6129FAB61A00896B3D /* Frameworks */ = {
			isa = PBXFrameworksBuildPhase;
			buildActionMask = 2147483647;
			files = (
				7F9AEFA72A01020C006CB67C /* AnyCodable in Frameworks */,
				7FA83AB22A011B56004276EE /* PryntTrimmerView in Frameworks */,
				7FA83AAC2A011A7E004276EE /* Lottie in Frameworks */,
				7F9AEFAA2A010235006CB67C /* openssl_grpc in Frameworks */,
				7FA83AA92A011101004276EE /* Promises in Frameworks */,
				7FA83AAF2A011B2C004276EE /* MarqueeLabel in Frameworks */,
				7F9AEFB02A01038F006CB67C /* CryptoSwift in Frameworks */,
				7FA83AB52A011BCF004276EE /* Reachability in Frameworks */,
				7F9AEFAD2A01037C006CB67C /* BSImagePicker in Frameworks */,
				7FA83AA62A0110BB004276EE /* Kingfisher in Frameworks */,
			);
			runOnlyForDeploymentPostprocessing = 0;
		};
		7FACFE7729FAB61B00896B3D /* Frameworks */ = {
			isa = PBXFrameworksBuildPhase;
			buildActionMask = 2147483647;
			files = (
			);
			runOnlyForDeploymentPostprocessing = 0;
		};
		7FACFE8129FAB61B00896B3D /* Frameworks */ = {
			isa = PBXFrameworksBuildPhase;
			buildActionMask = 2147483647;
			files = (
			);
			runOnlyForDeploymentPostprocessing = 0;
		};
/* End PBXFrameworksBuildPhase section */

/* Begin PBXGroup section */
		7FACFE5B29FAB61A00896B3D = {
			isa = PBXGroup;
			children = (
				7FACFE6629FAB61A00896B3D /* TestOptimizeBuild */,
				7FACFE7D29FAB61B00896B3D /* TestOptimizeBuildTests */,
				7FACFE8729FAB61B00896B3D /* TestOptimizeBuildUITests */,
				7FACFE6529FAB61A00896B3D /* Products */,
			);
			sourceTree = "<group>";
		};
		7FACFE6529FAB61A00896B3D /* Products */ = {
			isa = PBXGroup;
			children = (
				7FACFE6429FAB61A00896B3D /* TestOptimizeBuild.app */,
				7FACFE7A29FAB61B00896B3D /* TestOptimizeBuildTests.xctest */,
				7FACFE8429FAB61B00896B3D /* TestOptimizeBuildUITests.xctest */,
			);
			name = Products;
			sourceTree = "<group>";
		};
		7FACFE6629FAB61A00896B3D /* TestOptimizeBuild */ = {
			isa = PBXGroup;
			children = (
				7FACFE6729FAB61A00896B3D /* AppDelegate.swift */,
				7FACFE6929FAB61A00896B3D /* SceneDelegate.swift */,
				7FACFE6B29FAB61A00896B3D /* ViewController.swift */,
				7FACFE6D29FAB61A00896B3D /* Main.storyboard */,
				7FACFE7029FAB61B00896B3D /* Assets.xcassets */,
				7FACFE7229FAB61B00896B3D /* LaunchScreen.storyboard */,
				7FACFE7529FAB61B00896B3D /* Info.plist */,
			);
			path = TestOptimizeBuild;
			sourceTree = "<group>";
		};
		7FACFE7D29FAB61B00896B3D /* TestOptimizeBuildTests */ = {
			isa = PBXGroup;
			children = (
				7FACFE7E29FAB61B00896B3D /* TestOptimizeBuildTests.swift */,
			);
			path = TestOptimizeBuildTests;
			sourceTree = "<group>";
		};
		7FACFE8729FAB61B00896B3D /* TestOptimizeBuildUITests */ = {
			isa = PBXGroup;
			children = (
				7FACFE8829FAB61B00896B3D /* TestOptimizeBuildUITests.swift */,
				7FACFE8A29FAB61B00896B3D /* TestOptimizeBuildUITestsLaunchTests.swift */,
			);
			path = TestOptimizeBuildUITests;
			sourceTree = "<group>";
		};
/* End PBXGroup section */

/* Begin PBXNativeTarget section */
		7FACFE6329FAB61A00896B3D /* TestOptimizeBuild */ = {
			isa = PBXNativeTarget;
			buildConfigurationList = 7FACFE8E29FAB61B00896B3D /* Build configuration list for PBXNativeTarget "TestOptimizeBuild" */;
			buildPhases = (
				7FACFE6029FAB61A00896B3D /* Sources */,
				7FACFE6129FAB61A00896B3D /* Frameworks */,
				7FACFE6229FAB61A00896B3D /* Resources */,
			);
			buildRules = (
			);
			dependencies = (
			);
			name = TestOptimizeBuild;
			packageProductDependencies = (
				7F9AEFA62A01020C006CB67C /* AnyCodable */,
				7F9AEFA92A010235006CB67C /* openssl_grpc */,
				7F9AEFAC2A01037C006CB67C /* BSImagePicker */,
				7F9AEFAF2A01038F006CB67C /* CryptoSwift */,
				7FA83AA52A0110BB004276EE /* Kingfisher */,
				7FA83AA82A011101004276EE /* Promises */,
				7FA83AAB2A011A7E004276EE /* Lottie */,
				7FA83AAE2A011B2C004276EE /* MarqueeLabel */,
				7FA83AB12A011B56004276EE /* PryntTrimmerView */,
				7FA83AB42A011BCF004276EE /* Reachability */,
			);
			productName = TestOptimizeBuild;
			productReference = 7FACFE6429FAB61A00896B3D /* TestOptimizeBuild.app */;
			productType = "com.apple.product-type.application";
		};
		7FACFE7929FAB61B00896B3D /* TestOptimizeBuildTests */ = {
			isa = PBXNativeTarget;
			buildConfigurationList = 7FACFE9129FAB61B00896B3D /* Build configuration list for PBXNativeTarget "TestOptimizeBuildTests" */;
			buildPhases = (
				7FACFE7629FAB61B00896B3D /* Sources */,
				7FACFE7729FAB61B00896B3D /* Frameworks */,
				7FACFE7829FAB61B00896B3D /* Resources */,
			);
			buildRules = (
			);
			dependencies = (
				7FACFE7C29FAB61B00896B3D /* PBXTargetDependency */,
			);
			name = TestOptimizeBuildTests;
			productName = TestOptimizeBuildTests;
			productReference = 7FACFE7A29FAB61B00896B3D /* TestOptimizeBuildTests.xctest */;
			productType = "com.apple.product-type.bundle.unit-test";
		};
		7FACFE8329FAB61B00896B3D /* TestOptimizeBuildUITests */ = {
			isa = PBXNativeTarget;
			buildConfigurationList = 7FACFE9429FAB61B00896B3D /* Build configuration list for PBXNativeTarget "TestOptimizeBuildUITests" */;
			buildPhases = (
				7FACFE8029FAB61B00896B3D /* Sources */,
				7FACFE8129FAB61B00896B3D /* Frameworks */,
				7FACFE8229FAB61B00896B3D /* Resources */,
			);
			buildRules = (
			);
			dependencies = (
				7FACFE8629FAB61B00896B3D /* PBXTargetDependency */,
			);
			name = TestOptimizeBuildUITests;
			productName = TestOptimizeBuildUITests;
			productReference = 7FACFE8429FAB61B00896B3D /* TestOptimizeBuildUITests.xctest */;
			productType = "com.apple.product-type.bundle.ui-testing";
		};
/* End PBXNativeTarget section */

/* Begin PBXProject section */
		7FACFE5C29FAB61A00896B3D /* Project object */ = {
			isa = PBXProject;
			attributes = {
				BuildIndependentTargetsInParallel = 1;
				LastSwiftUpdateCheck = 1430;
				LastUpgradeCheck = 1430;
				TargetAttributes = {
					7FACFE6329FAB61A00896B3D = {
						CreatedOnToolsVersion = 14.3;
					};
					7FACFE7929FAB61B00896B3D = {
						CreatedOnToolsVersion = 14.3;
						TestTargetID = 7FACFE6329FAB61A00896B3D;
					};
					7FACFE8329FAB61B00896B3D = {
						CreatedOnToolsVersion = 14.3;
						TestTargetID = 7FACFE6329FAB61A00896B3D;
					};
				};
			};
			buildConfigurationList = 7FACFE5F29FAB61A00896B3D /* Build configuration list for PBXProject "TestOptimizeBuild" */;
			compatibilityVersion = "Xcode 14.0";
			developmentRegion = en;
			hasScannedForEncodings = 0;
			knownRegions = (
				en,
				Base,
			);
			mainGroup = 7FACFE5B29FAB61A00896B3D;
			packageReferences = (
				7F9AEFA52A01020C006CB67C /* XCRemoteSwiftPackageReference "anycodable" */,
				7F9AEFA82A010235006CB67C /* XCRemoteSwiftPackageReference "boringssl-SwiftPM" */,
				7F9AEFAB2A01037C006CB67C /* XCRemoteSwiftPackageReference "BSImagePicker" */,
				7F9AEFAE2A01038F006CB67C /* XCRemoteSwiftPackageReference "CryptoSwift" */,
				7F9AEFB12A0103E5006CB67C /* XCRemoteSwiftPackageReference "firebase-ios-sdk" */,
				7FA83AA42A0110BB004276EE /* XCRemoteSwiftPackageReference "Kingfisher" */,
				7FA83AA72A011101004276EE /* XCRemoteSwiftPackageReference "promises" */,
				7FA83AAA2A011A7E004276EE /* XCRemoteSwiftPackageReference "lottie-ios" */,
				7FA83AAD2A011B2C004276EE /* XCRemoteSwiftPackageReference "MarqueeLabel" */,
				7FA83AB02A011B56004276EE /* XCRemoteSwiftPackageReference "PryntTrimmerView" */,
				7FA83AB32A011BCF004276EE /* XCRemoteSwiftPackageReference "Reachability.swift" */,
			);
			productRefGroup = 7FACFE6529FAB61A00896B3D /* Products */;
			projectDirPath = "";
			projectRoot = "";
			targets = (
				7FACFE6329FAB61A00896B3D /* TestOptimizeBuild */,
				7FACFE7929FAB61B00896B3D /* TestOptimizeBuildTests */,
				7FACFE8329FAB61B00896B3D /* TestOptimizeBuildUITests */,
			);
		};
/* End PBXProject section */

/* Begin PBXResourcesBuildPhase section */
		7FACFE6229FAB61A00896B3D /* Resources */ = {
			isa = PBXResourcesBuildPhase;
			buildActionMask = 2147483647;
			files = (
				7FACFE7429FAB61B00896B3D /* LaunchScreen.storyboard in Resources */,
				7FACFE7129FAB61B00896B3D /* Assets.xcassets in Resources */,
				7FACFE6F29FAB61A00896B3D /* Main.storyboard in Resources */,
			);
			runOnlyForDeploymentPostprocessing = 0;
		};
		7FACFE7829FAB61B00896B3D /* Resources */ = {
			isa = PBXResourcesBuildPhase;
			buildActionMask = 2147483647;
			files = (
			);
			runOnlyForDeploymentPostprocessing = 0;
		};
		7FACFE8229FAB61B00896B3D /* Resources */ = {
			isa = PBXResourcesBuildPhase;
			buildActionMask = 2147483647;
			files = (
			);
			runOnlyForDeploymentPostprocessing = 0;
		};
/* End PBXResourcesBuildPhase section */

/* Begin PBXSourcesBuildPhase section */
		7FACFE6029FAB61A00896B3D /* Sources */ = {
			isa = PBXSourcesBuildPhase;
			buildActionMask = 2147483647;
			files = (
				7FACFE6C29FAB61A00896B3D /* ViewController.swift in Sources */,
				7FACFE6829FAB61A00896B3D /* AppDelegate.swift in Sources */,
				7FACFE6A29FAB61A00896B3D /* SceneDelegate.swift in Sources */,
			);
			runOnlyForDeploymentPostprocessing = 0;
		};
		7FACFE7629FAB61B00896B3D /* Sources */ = {
			isa = PBXSourcesBuildPhase;
			buildActionMask = 2147483647;
			files = (
				7FACFE7F29FAB61B00896B3D /* TestOptimizeBuildTests.swift in Sources */,
			);
			runOnlyForDeploymentPostprocessing = 0;
		};
		7FACFE8029FAB61B00896B3D /* Sources */ = {
			isa = PBXSourcesBuildPhase;
			buildActionMask = 2147483647;
			files = (
				7FACFE8B29FAB61B00896B3D /* TestOptimizeBuildUITestsLaunchTests.swift in Sources */,
				7FACFE8929FAB61B00896B3D /* TestOptimizeBuildUITests.swift in Sources */,
			);
			runOnlyForDeploymentPostprocessing = 0;
		};
/* End PBXSourcesBuildPhase section */

/* Begin PBXTargetDependency section */
		7FACFE7C29FAB61B00896B3D /* PBXTargetDependency */ = {
			isa = PBXTargetDependency;
			target = 7FACFE6329FAB61A00896B3D /* TestOptimizeBuild */;
			targetProxy = 7FACFE7B29FAB61B00896B3D /* PBXContainerItemProxy */;
		};
		7FACFE8629FAB61B00896B3D /* PBXTargetDependency */ = {
			isa = PBXTargetDependency;
			target = 7FACFE6329FAB61A00896B3D /* TestOptimizeBuild */;
			targetProxy = 7FACFE8529FAB61B00896B3D /* PBXContainerItemProxy */;
		};
/* End PBXTargetDependency section */

/* Begin PBXVariantGroup section */
		7FACFE6D29FAB61A00896B3D /* Main.storyboard */ = {
			isa = PBXVariantGroup;
			children = (
				7FACFE6E29FAB61A00896B3D /* Base */,
			);
			name = Main.storyboard;
			sourceTree = "<group>";
		};
		7FACFE7229FAB61B00896B3D /* LaunchScreen.storyboard */ = {
			isa = PBXVariantGroup;
			children = (
				7FACFE7329FAB61B00896B3D /* Base */,
			);
			name = LaunchScreen.storyboard;
			sourceTree = "<group>";
		};
/* End PBXVariantGroup section */

/* Begin XCBuildConfiguration section */
		7FACFE8C29FAB61B00896B3D /* Debug */ = {
			isa = XCBuildConfiguration;
			buildSettings = {
				ALWAYS_SEARCH_USER_PATHS = NO;
				CLANG_ANALYZER_NONNULL = YES;
				CLANG_ANALYZER_NUMBER_OBJECT_CONVERSION = YES_AGGRESSIVE;
				CLANG_CXX_LANGUAGE_STANDARD = "gnu++20";
				CLANG_ENABLE_MODULES = YES;
				CLANG_ENABLE_OBJC_ARC = YES;
				CLANG_ENABLE_OBJC_WEAK = YES;
				CLANG_WARN_BLOCK_CAPTURE_AUTORELEASING = YES;
				CLANG_WARN_BOOL_CONVERSION = YES;
				CLANG_WARN_COMMA = YES;
				CLANG_WARN_CONSTANT_CONVERSION = YES;
				CLANG_WARN_DEPRECATED_OBJC_IMPLEMENTATIONS = YES;
				CLANG_WARN_DIRECT_OBJC_ISA_USAGE = YES_ERROR;
				CLANG_WARN_DOCUMENTATION_COMMENTS = YES;
				CLANG_WARN_EMPTY_BODY = YES;
				CLANG_WARN_ENUM_CONVERSION = YES;
				CLANG_WARN_INFINITE_RECURSION = YES;
				CLANG_WARN_INT_CONVERSION = YES;
				CLANG_WARN_NON_LITERAL_NULL_CONVERSION = YES;
				CLANG_WARN_OBJC_IMPLICIT_RETAIN_SELF = YES;
				CLANG_WARN_OBJC_LITERAL_CONVERSION = YES;
				CLANG_WARN_OBJC_ROOT_CLASS = YES_ERROR;
				CLANG_WARN_QUOTED_INCLUDE_IN_FRAMEWORK_HEADER = YES;
				CLANG_WARN_RANGE_LOOP_ANALYSIS = YES;
				CLANG_WARN_STRICT_PROTOTYPES = YES;
				CLANG_WARN_SUSPICIOUS_MOVE = YES;
				CLANG_WARN_UNGUARDED_AVAILABILITY = YES_AGGRESSIVE;
				CLANG_WARN_UNREACHABLE_CODE = YES;
				CLANG_WARN__DUPLICATE_METHOD_MATCH = YES;
				COPY_PHASE_STRIP = NO;
				DEBUG_INFORMATION_FORMAT = dwarf;
				ENABLE_STRICT_OBJC_MSGSEND = YES;
				ENABLE_TESTABILITY = YES;
				GCC_C_LANGUAGE_STANDARD = gnu11;
				GCC_DYNAMIC_NO_PIC = NO;
				GCC_NO_COMMON_BLOCKS = YES;
				GCC_OPTIMIZATION_LEVEL = 0;
				GCC_PREPROCESSOR_DEFINITIONS = (
					"DEBUG=1",
					"$(inherited)",
				);
				GCC_WARN_64_TO_32_BIT_CONVERSION = YES;
				GCC_WARN_ABOUT_RETURN_TYPE = YES_ERROR;
				GCC_WARN_UNDECLARED_SELECTOR = YES;
				GCC_WARN_UNINITIALIZED_AUTOS = YES_AGGRESSIVE;
				GCC_WARN_UNUSED_FUNCTION = YES;
				GCC_WARN_UNUSED_VARIABLE = YES;
				IPHONEOS_DEPLOYMENT_TARGET = 16.4;
				MTL_ENABLE_DEBUG_INFO = INCLUDE_SOURCE;
				MTL_FAST_MATH = YES;
				ONLY_ACTIVE_ARCH = YES;
				SDKROOT = iphoneos;
				SWIFT_ACTIVE_COMPILATION_CONDITIONS = DEBUG;
				SWIFT_OPTIMIZATION_LEVEL = "-Onone";
			};
			name = Debug;
		};
		7FACFE8D29FAB61B00896B3D /* Release */ = {
			isa = XCBuildConfiguration;
			buildSettings = {
				ALWAYS_SEARCH_USER_PATHS = NO;
				CLANG_ANALYZER_NONNULL = YES;
				CLANG_ANALYZER_NUMBER_OBJECT_CONVERSION = YES_AGGRESSIVE;
				CLANG_CXX_LANGUAGE_STANDARD = "gnu++20";
				CLANG_ENABLE_MODULES = YES;
				CLANG_ENABLE_OBJC_ARC = YES;
				CLANG_ENABLE_OBJC_WEAK = YES;
				CLANG_WARN_BLOCK_CAPTURE_AUTORELEASING = YES;
				CLANG_WARN_BOOL_CONVERSION = YES;
				CLANG_WARN_COMMA = YES;
				CLANG_WARN_CONSTANT_CONVERSION = YES;
				CLANG_WARN_DEPRECATED_OBJC_IMPLEMENTATIONS = YES;
				CLANG_WARN_DIRECT_OBJC_ISA_USAGE = YES_ERROR;
				CLANG_WARN_DOCUMENTATION_COMMENTS = YES;
				CLANG_WARN_EMPTY_BODY = YES;
				CLANG_WARN_ENUM_CONVERSION = YES;
				CLANG_WARN_INFINITE_RECURSION = YES;
				CLANG_WARN_INT_CONVERSION = YES;
				CLANG_WARN_NON_LITERAL_NULL_CONVERSION = YES;
				CLANG_WARN_OBJC_IMPLICIT_RETAIN_SELF = YES;
				CLANG_WARN_OBJC_LITERAL_CONVERSION = YES;
				CLANG_WARN_OBJC_ROOT_CLASS = YES_ERROR;
				CLANG_WARN_QUOTED_INCLUDE_IN_FRAMEWORK_HEADER = YES;
				CLANG_WARN_RANGE_LOOP_ANALYSIS = YES;
				CLANG_WARN_STRICT_PROTOTYPES = YES;
				CLANG_WARN_SUSPICIOUS_MOVE = YES;
				CLANG_WARN_UNGUARDED_AVAILABILITY = YES_AGGRESSIVE;
				CLANG_WARN_UNREACHABLE_CODE = YES;
				CLANG_WARN__DUPLICATE_METHOD_MATCH = YES;
				COPY_PHASE_STRIP = NO;
				DEBUG_INFORMATION_FORMAT = "dwarf-with-dsym";
				ENABLE_NS_ASSERTIONS = NO;
				ENABLE_STRICT_OBJC_MSGSEND = YES;
				GCC_C_LANGUAGE_STANDARD = gnu11;
				GCC_NO_COMMON_BLOCKS = YES;
				GCC_WARN_64_TO_32_BIT_CONVERSION = YES;
				GCC_WARN_ABOUT_RETURN_TYPE = YES_ERROR;
				GCC_WARN_UNDECLARED_SELECTOR = YES;
				GCC_WARN_UNINITIALIZED_AUTOS = YES_AGGRESSIVE;
				GCC_WARN_UNUSED_FUNCTION = YES;
				GCC_WARN_UNUSED_VARIABLE = YES;
				IPHONEOS_DEPLOYMENT_TARGET = 16.4;
				MTL_ENABLE_DEBUG_INFO = NO;
				MTL_FAST_MATH = YES;
				SDKROOT = iphoneos;
				SWIFT_COMPILATION_MODE = wholemodule;
				SWIFT_OPTIMIZATION_LEVEL = "-O";
				VALIDATE_PRODUCT = YES;
			};
			name = Release;
		};
		7FACFE8F29FAB61B00896B3D /* Debug */ = {
			isa = XCBuildConfiguration;
			buildSettings = {
				ASSETCATALOG_COMPILER_APPICON_NAME = AppIcon;
				ASSETCATALOG_COMPILER_GLOBAL_ACCENT_COLOR_NAME = AccentColor;
				CODE_SIGN_STYLE = Automatic;
				CURRENT_PROJECT_VERSION = 1;
				DEVELOPMENT_TEAM = 7ZK9E97T8K;
				GENERATE_INFOPLIST_FILE = YES;
				INFOPLIST_FILE = TestOptimizeBuild/Info.plist;
				INFOPLIST_KEY_UIApplicationSupportsIndirectInputEvents = YES;
				INFOPLIST_KEY_UILaunchStoryboardName = LaunchScreen;
				INFOPLIST_KEY_UIMainStoryboardFile = Main;
				INFOPLIST_KEY_UISupportedInterfaceOrientations_iPad = "UIInterfaceOrientationPortrait UIInterfaceOrientationPortraitUpsideDown UIInterfaceOrientationLandscapeLeft UIInterfaceOrientationLandscapeRight";
				INFOPLIST_KEY_UISupportedInterfaceOrientations_iPhone = "UIInterfaceOrientationPortrait UIInterfaceOrientationLandscapeLeft UIInterfaceOrientationLandscapeRight";
				LD_RUNPATH_SEARCH_PATHS = (
					"$(inherited)",
					"@executable_path/Frameworks",
				);
				MARKETING_VERSION = 1.0;
				PRODUCT_BUNDLE_IDENTIFIER = com.ilyabiltuev.TestOptimizeBuild;
				PRODUCT_NAME = "$(TARGET_NAME)";
				SWIFT_EMIT_LOC_STRINGS = YES;
				SWIFT_VERSION = 5.0;
				TARGETED_DEVICE_FAMILY = "1,2";
			};
			name = Debug;
		};
		7FACFE9029FAB61B00896B3D /* Release */ = {
			isa = XCBuildConfiguration;
			buildSettings = {
				ASSETCATALOG_COMPILER_APPICON_NAME = AppIcon;
				ASSETCATALOG_COMPILER_GLOBAL_ACCENT_COLOR_NAME = AccentColor;
				CODE_SIGN_STYLE = Automatic;
				CURRENT_PROJECT_VERSION = 1;
				DEVELOPMENT_TEAM = 7ZK9E97T8K;
				GENERATE_INFOPLIST_FILE = YES;
				INFOPLIST_FILE = TestOptimizeBuild/Info.plist;
				INFOPLIST_KEY_UIApplicationSupportsIndirectInputEvents = YES;
				INFOPLIST_KEY_UILaunchStoryboardName = LaunchScreen;
				INFOPLIST_KEY_UIMainStoryboardFile = Main;
				INFOPLIST_KEY_UISupportedInterfaceOrientations_iPad = "UIInterfaceOrientationPortrait UIInterfaceOrientationPortraitUpsideDown UIInterfaceOrientationLandscapeLeft UIInterfaceOrientationLandscapeRight";
				INFOPLIST_KEY_UISupportedInterfaceOrientations_iPhone = "UIInterfaceOrientationPortrait UIInterfaceOrientationLandscapeLeft UIInterfaceOrientationLandscapeRight";
				LD_RUNPATH_SEARCH_PATHS = (
					"$(inherited)",
					"@executable_path/Frameworks",
				);
				MARKETING_VERSION = 1.0;
				PRODUCT_BUNDLE_IDENTIFIER = com.ilyabiltuev.TestOptimizeBuild;
				PRODUCT_NAME = "$(TARGET_NAME)";
				SWIFT_EMIT_LOC_STRINGS = YES;
				SWIFT_VERSION = 5.0;
				TARGETED_DEVICE_FAMILY = "1,2";
			};
			name = Release;
		};
		7FACFE9229FAB61B00896B3D /* Debug */ = {
			isa = XCBuildConfiguration;
			buildSettings = {
				ALWAYS_EMBED_SWIFT_STANDARD_LIBRARIES = YES;
				BUNDLE_LOADER = "$(TEST_HOST)";
				CODE_SIGN_STYLE = Automatic;
				CURRENT_PROJECT_VERSION = 1;
				DEVELOPMENT_TEAM = 7ZK9E97T8K;
				GENERATE_INFOPLIST_FILE = YES;
				IPHONEOS_DEPLOYMENT_TARGET = 16.4;
				MARKETING_VERSION = 1.0;
				PRODUCT_BUNDLE_IDENTIFIER = com.ilyabiltuev.TestOptimizeBuildTests;
				PRODUCT_NAME = "$(TARGET_NAME)";
				SWIFT_EMIT_LOC_STRINGS = NO;
				SWIFT_VERSION = 5.0;
				TARGETED_DEVICE_FAMILY = "1,2";
				TEST_HOST = "$(BUILT_PRODUCTS_DIR)/TestOptimizeBuild.app/$(BUNDLE_EXECUTABLE_FOLDER_PATH)/TestOptimizeBuild";
			};
			name = Debug;
		};
		7FACFE9329FAB61B00896B3D /* Release */ = {
			isa = XCBuildConfiguration;
			buildSettings = {
				ALWAYS_EMBED_SWIFT_STANDARD_LIBRARIES = YES;
				BUNDLE_LOADER = "$(TEST_HOST)";
				CODE_SIGN_STYLE = Automatic;
				CURRENT_PROJECT_VERSION = 1;
				DEVELOPMENT_TEAM = 7ZK9E97T8K;
				GENERATE_INFOPLIST_FILE = YES;
				IPHONEOS_DEPLOYMENT_TARGET = 16.4;
				MARKETING_VERSION = 1.0;
				PRODUCT_BUNDLE_IDENTIFIER = com.ilyabiltuev.TestOptimizeBuildTests;
				PRODUCT_NAME = "$(TARGET_NAME)";
				SWIFT_EMIT_LOC_STRINGS = NO;
				SWIFT_VERSION = 5.0;
				TARGETED_DEVICE_FAMILY = "1,2";
				TEST_HOST = "$(BUILT_PRODUCTS_DIR)/TestOptimizeBuild.app/$(BUNDLE_EXECUTABLE_FOLDER_PATH)/TestOptimizeBuild";
			};
			name = Release;
		};
		7FACFE9529FAB61B00896B3D /* Debug */ = {
			isa = XCBuildConfiguration;
			buildSettings = {
				ALWAYS_EMBED_SWIFT_STANDARD_LIBRARIES = YES;
				CODE_SIGN_STYLE = Automatic;
				CURRENT_PROJECT_VERSION = 1;
				DEVELOPMENT_TEAM = 7ZK9E97T8K;
				GENERATE_INFOPLIST_FILE = YES;
				MARKETING_VERSION = 1.0;
				PRODUCT_BUNDLE_IDENTIFIER = com.ilyabiltuev.TestOptimizeBuildUITests;
				PRODUCT_NAME = "$(TARGET_NAME)";
				SWIFT_EMIT_LOC_STRINGS = NO;
				SWIFT_VERSION = 5.0;
				TARGETED_DEVICE_FAMILY = "1,2";
				TEST_TARGET_NAME = TestOptimizeBuild;
			};
			name = Debug;
		};
		7FACFE9629FAB61B00896B3D /* Release */ = {
			isa = XCBuildConfiguration;
			buildSettings = {
				ALWAYS_EMBED_SWIFT_STANDARD_LIBRARIES = YES;
				CODE_SIGN_STYLE = Automatic;
				CURRENT_PROJECT_VERSION = 1;
				DEVELOPMENT_TEAM = 7ZK9E97T8K;
				GENERATE_INFOPLIST_FILE = YES;
				MARKETING_VERSION = 1.0;
				PRODUCT_BUNDLE_IDENTIFIER = com.ilyabiltuev.TestOptimizeBuildUITests;
				PRODUCT_NAME = "$(TARGET_NAME)";
				SWIFT_EMIT_LOC_STRINGS = NO;
				SWIFT_VERSION = 5.0;
				TARGETED_DEVICE_FAMILY = "1,2";
				TEST_TARGET_NAME = TestOptimizeBuild;
			};
			name = Release;
		};
/* End XCBuildConfiguration section */

/* Begin XCConfigurationList section */
		7FACFE5F29FAB61A00896B3D /* Build configuration list for PBXProject "TestOptimizeBuild" */ = {
			isa = XCConfigurationList;
			buildConfigurations = (
				7FACFE8C29FAB61B00896B3D /* Debug */,
				7FACFE8D29FAB61B00896B3D /* Release */,
			);
			defaultConfigurationIsVisible = 0;
			defaultConfigurationName = Release;
		};
		7FACFE8E29FAB61B00896B3D /* Build configuration list for PBXNativeTarget "TestOptimizeBuild" */ = {
			isa = XCConfigurationList;
			buildConfigurations = (
				7FACFE8F29FAB61B00896B3D /* Debug */,
				7FACFE9029FAB61B00896B3D /* Release */,
			);
			defaultConfigurationIsVisible = 0;
			defaultConfigurationName = Release;
		};
		7FACFE9129FAB61B00896B3D /* Build configuration list for PBXNativeTarget "TestOptimizeBuildTests" */ = {
			isa = XCConfigurationList;
			buildConfigurations = (
				7FACFE9229FAB61B00896B3D /* Debug */,
				7FACFE9329FAB61B00896B3D /* Release */,
			);
			defaultConfigurationIsVisible = 0;
			defaultConfigurationName = Release;
		};
		7FACFE9429FAB61B00896B3D /* Build configuration list for PBXNativeTarget "TestOptimizeBuildUITests" */ = {
			isa = XCConfigurationList;
			buildConfigurations = (
				7FACFE9529FAB61B00896B3D /* Debug */,
				7FACFE9629FAB61B00896B3D /* Release */,
			);
			defaultConfigurationIsVisible = 0;
			defaultConfigurationName = Release;
		};
/* End XCConfigurationList section */

/* Begin XCRemoteSwiftPackageReference section */
		7F9AEFA52A01020C006CB67C /* XCRemoteSwiftPackageReference "anycodable" */ = {
			isa = XCRemoteSwiftPackageReference;
			repositoryURL = "https://github.com/flight-school/anycodable.git";
			requirement = {
				kind = upToNextMajorVersion;
				minimumVersion = 0.6.7;
			};
		};
		7F9AEFA82A010235006CB67C /* XCRemoteSwiftPackageReference "boringssl-SwiftPM" */ = {
			isa = XCRemoteSwiftPackageReference;
			repositoryURL = "https://github.com/firebase/boringssl-SwiftPM.git";
			requirement = {
				kind = upToNextMajorVersion;
				minimumVersion = 0.9.1;
			};
		};
		7F9AEFAB2A01037C006CB67C /* XCRemoteSwiftPackageReference "BSImagePicker" */ = {
			isa = XCRemoteSwiftPackageReference;
			repositoryURL = "https://github.com/mikaoj/BSImagePicker.git";
			requirement = {
				kind = upToNextMajorVersion;
				minimumVersion = 3.0.0;
			};
		};
		7F9AEFAE2A01038F006CB67C /* XCRemoteSwiftPackageReference "CryptoSwift" */ = {
			isa = XCRemoteSwiftPackageReference;
			repositoryURL = "https://github.com/krzyzanowskim/CryptoSwift.git";
			requirement = {
				kind = upToNextMajorVersion;
				minimumVersion = 1.0.0;
			};
		};
		7F9AEFB12A0103E5006CB67C /* XCRemoteSwiftPackageReference "firebase-ios-sdk" */ = {
			isa = XCRemoteSwiftPackageReference;
			repositoryURL = "https://github.com/firebase/firebase-ios-sdk.git";
			requirement = {
				kind = upToNextMajorVersion;
				minimumVersion = 10.0.0;
			};
		};
		7FA83AA42A0110BB004276EE /* XCRemoteSwiftPackageReference "Kingfisher" */ = {
			isa = XCRemoteSwiftPackageReference;
			repositoryURL = "https://github.com/onevcat/Kingfisher.git";
			requirement = {
				kind = upToNextMajorVersion;
				minimumVersion = 7.0.0;
			};
		};
		7FA83AA72A011101004276EE /* XCRemoteSwiftPackageReference "promises" */ = {
			isa = XCRemoteSwiftPackageReference;
			repositoryURL = "https://github.com/google/promises.git";
			requirement = {
				kind = upToNextMajorVersion;
				minimumVersion = 2.0.0;
			};
		};
		7FA83AAA2A011A7E004276EE /* XCRemoteSwiftPackageReference "lottie-ios" */ = {
			isa = XCRemoteSwiftPackageReference;
			repositoryURL = "https://github.com/airbnb/lottie-ios.git";
			requirement = {
				kind = upToNextMajorVersion;
				minimumVersion = 4.0.0;
			};
		};
		7FA83AAD2A011B2C004276EE /* XCRemoteSwiftPackageReference "MarqueeLabel" */ = {
			isa = XCRemoteSwiftPackageReference;
			repositoryURL = "https://github.com/cbpowell/MarqueeLabel.git";
			requirement = {
				kind = upToNextMajorVersion;
				minimumVersion = 4.0.0;
			};
		};
		7FA83AB02A011B56004276EE /* XCRemoteSwiftPackageReference "PryntTrimmerView" */ = {
			isa = XCRemoteSwiftPackageReference;
			repositoryURL = "https://github.com/HHK1/PryntTrimmerView.git";
			requirement = {
				kind = upToNextMajorVersion;
				minimumVersion = 4.0.0;
			};
		};
		7FA83AB32A011BCF004276EE /* XCRemoteSwiftPackageReference "Reachability.swift" */ = {
			isa = XCRemoteSwiftPackageReference;
			repositoryURL = "https://github.com/ashleymills/Reachability.swift.git";
			requirement = {
				branch = master;
				kind = branch;
			};
		};
/* End XCRemoteSwiftPackageReference section */

/* Begin XCSwiftPackageProductDependency section */
		7F9AEFA62A01020C006CB67C /* AnyCodable */ = {
			isa = XCSwiftPackageProductDependency;
			package = 7F9AEFA52A01020C006CB67C /* XCRemoteSwiftPackageReference "anycodable" */;
			productName = AnyCodable;
		};
		7F9AEFA92A010235006CB67C /* openssl_grpc */ = {
			isa = XCSwiftPackageProductDependency;
			package = 7F9AEFA82A010235006CB67C /* XCRemoteSwiftPackageReference "boringssl-SwiftPM" */;
			productName = openssl_grpc;
		};
		7F9AEFAC2A01037C006CB67C /* BSImagePicker */ = {
			isa = XCSwiftPackageProductDependency;
			package = 7F9AEFAB2A01037C006CB67C /* XCRemoteSwiftPackageReference "BSImagePicker" */;
			productName = BSImagePicker;
		};
		7F9AEFAF2A01038F006CB67C /* CryptoSwift */ = {
			isa = XCSwiftPackageProductDependency;
			package = 7F9AEFAE2A01038F006CB67C /* XCRemoteSwiftPackageReference "CryptoSwift" */;
			productName = CryptoSwift;
		};
		7FA83AA52A0110BB004276EE /* Kingfisher */ = {
			isa = XCSwiftPackageProductDependency;
			package = 7FA83AA42A0110BB004276EE /* XCRemoteSwiftPackageReference "Kingfisher" */;
			productName = Kingfisher;
		};
		7FA83AA82A011101004276EE /* Promises */ = {
			isa = XCSwiftPackageProductDependency;
			package = 7FA83AA72A011101004276EE /* XCRemoteSwiftPackageReference "promises" */;
			productName = Promises;
		};
		7FA83AAB2A011A7E004276EE /* Lottie */ = {
			isa = XCSwiftPackageProductDependency;
			package = 7FA83AAA2A011A7E004276EE /* XCRemoteSwiftPackageReference "lottie-ios" */;
			productName = Lottie;
		};
		7FA83AAE2A011B2C004276EE /* MarqueeLabel */ = {
			isa = XCSwiftPackageProductDependency;
			package = 7FA83AAD2A011B2C004276EE /* XCRemoteSwiftPackageReference "MarqueeLabel" */;
			productName = MarqueeLabel;
		};
		7FA83AB12A011B56004276EE /* PryntTrimmerView */ = {
			isa = XCSwiftPackageProductDependency;
			package = 7FA83AB02A011B56004276EE /* XCRemoteSwiftPackageReference "PryntTrimmerView" */;
			productName = PryntTrimmerView;
		};
		7FA83AB42A011BCF004276EE /* Reachability */ = {
			isa = XCSwiftPackageProductDependency;
			package = 7FA83AB32A011BCF004276EE /* XCRemoteSwiftPackageReference "Reachability.swift" */;
			productName = Reachability;
		};
/* End XCSwiftPackageProductDependency section */
	};
	rootObject = 7FACFE5C29FAB61A00896B3D /* Project object */;
}
